{
  "nodes": {
    "dotfiles": {
      "flake": false,
      "locked": {
        "lastModified": 1734749792,
        "narHash": "sha256-lGmpRqGnJXHLm+BBaw16ZKfi7ff6nTBSjfnLC6YdIKo=",
        "owner": "Guno327",
        "repo": "dotfiles",
        "rev": "a9d8a2a1829102eed4fa91b47cbb484b6bb91d98",
        "type": "github"
      },
      "original": {
        "owner": "Guno327",
        "repo": "dotfiles",
        "type": "github"
      }
    },
    "home-manager": {
      "inputs": {
        "nixpkgs": [
          "nixpkgs"
        ]
      },
      "locked": {
        "lastModified": 1734808199,
        "narHash": "sha256-MxlUcLjE8xLbrI1SJ2B2jftlg4wdutEILa3fgqwA98I=",
        "owner": "nix-community",
        "repo": "home-manager",
        "rev": "f342df3ad938f205a913973b832f52c12546aac6",
        "type": "github"
      },
      "original": {
        "owner": "nix-community",
        "repo": "home-manager",
        "type": "github"
      }
    },
    "nixpkgs": {
      "locked": {
        "lastModified": 1734424634,
        "narHash": "sha256-cHar1vqHOOyC7f1+tVycPoWTfKIaqkoe1Q6TnKzuti4=",
        "owner": "nixos",
        "repo": "nixpkgs",
        "rev": "d3c42f187194c26d9f0309a8ecc469d6c878ce33",
        "type": "github"
      },
      "original": {
        "owner": "nixos",
        "ref": "nixos-unstable",
        "repo": "nixpkgs",
        "type": "github"
      }
    },
    "root": {
      "inputs": {
        "dotfiles": "dotfiles",
        "home-manager": "home-manager",
        "nixpkgs": "nixpkgs",
        "scripts": "scripts"
      }
    },
    "scripts": {
      "flake": false,
      "locked": {
        "lastModified": 1734816626,
        "narHash": "sha256-IHtAhiFsGxCxiuyYdaQeg/7H8mHm4q3FHV+ui9DtAsw=",
        "owner": "Guno327",
        "repo": "scripts",
        "rev": "6e9aa105f887079cfe2cdbc80da887aff877a345",
        "type": "github"
      },
      "original": {
        "owner": "Guno327",
        "repo": "scripts",
        "type": "github"
      }
    }
  },
  "root": "root",
  "version": 7
}
