{
  "nodes": {
    "dotfiles": {
      "flake": false,
      "locked": {
        "lastModified": 1734749792,
        "narHash": "sha256-lGmpRqGnJXHLm+BBaw16ZKfi7ff6nTBSjfnLC6YdIKo=",
        "owner": "Guno327",
        "repo": "dotfiles",
        "rev": "a9d8a2a1829102eed4fa91b47cbb484b6bb91d98",
        "type": "github"
      },
      "original": {
        "owner": "Guno327",
        "repo": "dotfiles",
        "type": "github"
      }
    },
    "home-manager": {
      "inputs": {
        "nixpkgs": [
          "nixpkgs"
        ]
      },
      "locked": {
        "lastModified": 1734893686,
        "narHash": "sha256-JUEZn9MmpLGsW4J3luSX+R4BhcThccYpYg5AuKW7zG0=",
        "owner": "nix-community",
        "repo": "home-manager",
        "rev": "edb8b00e4d17b2116b60eca50f38ac68f12b9ab4",
        "type": "github"
      },
      "original": {
        "owner": "nix-community",
        "repo": "home-manager",
        "type": "github"
      }
    },
    "nixos-hardware": {
      "locked": {
        "lastModified": 1734954597,
        "narHash": "sha256-QIhd8/0x30gEv8XEE1iAnrdMlKuQ0EzthfDR7Hwl+fk=",
        "owner": "NixOS",
        "repo": "nixos-hardware",
        "rev": "def1d472c832d77885f174089b0d34854b007198",
        "type": "github"
      },
      "original": {
        "owner": "NixOS",
        "ref": "master",
        "repo": "nixos-hardware",
        "type": "github"
      }
    },
    "nixpkgs": {
      "locked": {
        "lastModified": 1734649271,
        "narHash": "sha256-4EVBRhOjMDuGtMaofAIqzJbg4Ql7Ai0PSeuVZTHjyKQ=",
        "owner": "nixos",
        "repo": "nixpkgs",
        "rev": "d70bd19e0a38ad4790d3913bf08fcbfc9eeca507",
        "type": "github"
      },
      "original": {
        "owner": "nixos",
        "ref": "nixos-unstable",
        "repo": "nixpkgs",
        "type": "github"
      }
    },
    "root": {
      "inputs": {
        "dotfiles": "dotfiles",
        "home-manager": "home-manager",
        "nixos-hardware": "nixos-hardware",
        "nixpkgs": "nixpkgs",
        "scripts": "scripts"
      }
    },
    "scripts": {
      "flake": false,
      "locked": {
        "lastModified": 1734816626,
        "narHash": "sha256-IHtAhiFsGxCxiuyYdaQeg/7H8mHm4q3FHV+ui9DtAsw=",
        "owner": "Guno327",
        "repo": "scripts",
        "rev": "6e9aa105f887079cfe2cdbc80da887aff877a345",
        "type": "github"
      },
      "original": {
        "owner": "Guno327",
        "repo": "scripts",
        "type": "github"
      }
    }
  },
  "root": "root",
  "version": 7
}
