{
  "nodes": {
    "dotfiles": {
      "flake": false,
      "locked": {
        "lastModified": 1734749792,
        "narHash": "sha256-lGmpRqGnJXHLm+BBaw16ZKfi7ff6nTBSjfnLC6YdIKo=",
        "owner": "Guno327",
        "repo": "dotfiles",
        "rev": "a9d8a2a1829102eed4fa91b47cbb484b6bb91d98",
        "type": "github"
      },
      "original": {
        "owner": "Guno327",
        "repo": "dotfiles",
        "type": "github"
      }
    },
    "flake-parts": {
      "inputs": {
        "nixpkgs-lib": [
          "nur",
          "nixpkgs"
        ]
      },
      "locked": {
        "lastModified": 1733312601,
        "narHash": "sha256-4pDvzqnegAfRkPwO3wmwBhVi/Sye1mzps0zHWYnP88c=",
        "owner": "hercules-ci",
        "repo": "flake-parts",
        "rev": "205b12d8b7cd4802fbcb8e8ef6a0f1408781a4f9",
        "type": "github"
      },
      "original": {
        "owner": "hercules-ci",
        "repo": "flake-parts",
        "type": "github"
      }
    },
    "home-manager": {
      "inputs": {
        "nixpkgs": [
          "nixpkgs"
        ]
      },
      "locked": {
        "lastModified": 1734893686,
        "narHash": "sha256-JUEZn9MmpLGsW4J3luSX+R4BhcThccYpYg5AuKW7zG0=",
        "owner": "nix-community",
        "repo": "home-manager",
        "rev": "edb8b00e4d17b2116b60eca50f38ac68f12b9ab4",
        "type": "github"
      },
      "original": {
        "owner": "nix-community",
        "repo": "home-manager",
        "type": "github"
      }
    },
    "nixos-hardware": {
      "locked": {
        "lastModified": 1734954597,
        "narHash": "sha256-QIhd8/0x30gEv8XEE1iAnrdMlKuQ0EzthfDR7Hwl+fk=",
        "owner": "NixOS",
        "repo": "nixos-hardware",
        "rev": "def1d472c832d77885f174089b0d34854b007198",
        "type": "github"
      },
      "original": {
        "owner": "NixOS",
        "ref": "master",
        "repo": "nixos-hardware",
        "type": "github"
      }
    },
    "nixpkgs": {
      "locked": {
        "lastModified": 1734649271,
        "narHash": "sha256-4EVBRhOjMDuGtMaofAIqzJbg4Ql7Ai0PSeuVZTHjyKQ=",
        "owner": "nixos",
        "repo": "nixpkgs",
        "rev": "d70bd19e0a38ad4790d3913bf08fcbfc9eeca507",
        "type": "github"
      },
      "original": {
        "owner": "nixos",
        "ref": "nixos-unstable",
        "repo": "nixpkgs",
        "type": "github"
      }
    },
    "nixpkgs_2": {
      "locked": {
        "lastModified": 1734649271,
        "narHash": "sha256-4EVBRhOjMDuGtMaofAIqzJbg4Ql7Ai0PSeuVZTHjyKQ=",
        "owner": "nixos",
        "repo": "nixpkgs",
        "rev": "d70bd19e0a38ad4790d3913bf08fcbfc9eeca507",
        "type": "github"
      },
      "original": {
        "owner": "nixos",
        "ref": "nixos-unstable",
        "repo": "nixpkgs",
        "type": "github"
      }
    },
    "nur": {
      "inputs": {
        "flake-parts": "flake-parts",
        "nixpkgs": "nixpkgs_2",
        "treefmt-nix": "treefmt-nix"
      },
      "locked": {
        "lastModified": 1735070725,
        "narHash": "sha256-NSKvAqkgOvf74Lxh5kUVV4pFYTPjdGRtuks7hgwczHo=",
        "owner": "nix-community",
        "repo": "nur",
        "rev": "2fb4eca072cf867a338f11016906345716519db1",
        "type": "github"
      },
      "original": {
        "owner": "nix-community",
        "repo": "nur",
        "type": "github"
      }
    },
    "root": {
      "inputs": {
        "dotfiles": "dotfiles",
        "home-manager": "home-manager",
        "nixos-hardware": "nixos-hardware",
        "nixpkgs": "nixpkgs",
        "nur": "nur",
        "scripts": "scripts"
      }
    },
    "scripts": {
      "flake": false,
      "locked": {
        "lastModified": 1734816626,
        "narHash": "sha256-IHtAhiFsGxCxiuyYdaQeg/7H8mHm4q3FHV+ui9DtAsw=",
        "owner": "Guno327",
        "repo": "scripts",
        "rev": "6e9aa105f887079cfe2cdbc80da887aff877a345",
        "type": "github"
      },
      "original": {
        "owner": "Guno327",
        "repo": "scripts",
        "type": "github"
      }
    },
    "treefmt-nix": {
      "inputs": {
        "nixpkgs": [
          "nur",
          "nixpkgs"
        ]
      },
      "locked": {
        "lastModified": 1733222881,
        "narHash": "sha256-JIPcz1PrpXUCbaccEnrcUS8jjEb/1vJbZz5KkobyFdM=",
        "owner": "numtide",
        "repo": "treefmt-nix",
        "rev": "49717b5af6f80172275d47a418c9719a31a78b53",
        "type": "github"
      },
      "original": {
        "owner": "numtide",
        "repo": "treefmt-nix",
        "type": "github"
      }
    }
  },
  "root": "root",
  "version": 7
}
